
Microsoft Visual Studio Solution File, Format Version 12.00
# Visual Studio Version 17
VisualStudioVersion = 17.11.35327.3
MinimumVisualStudioVersion = 10.0.40219.1
Project("{2150E333-8FDC-42A3-9474-1A3956D46DE8}") = "src", "src", "{B15EF00C-302A-4BF5-9FBA-5C452544BE3A}"
EndProject
Project("{2150E333-8FDC-42A3-9474-1A3956D46DE8}") = "test", "test", "{B26D0ED8-DA41-447E-ABAB-D3714F555AF4}"
EndProject
Project("{9A19103F-16F7-4668-BE54-9A1E7A4F7556}") = "Threads.NET.Sdk", "src\Threads.NET.Sdk\Threads.NET.Sdk.csproj", "{EA4DCBF0-E4A6-4176-A416-897CA90F82A2}"
EndProject
Project("{2150E333-8FDC-42A3-9474-1A3956D46DE8}") = "Solution Items", "Solution Items", "{6A36651F-9E4D-488D-A4CB-467179CB0781}"
	ProjectSection(SolutionItems) = preProject
		Directory.Build.props = Directory.Build.props
		editorconfig = editorconfig
		Directory.Packages.props = Directory.Packages.props
		LICENSE.txt = LICENSE.txt
		README.md = README.md
	EndProjectSection
EndProject
Project("{FAE04EC0-301F-11D3-BF4B-00C04F79EFBC}") = "Threads.NET.Sdk.Extensions", "src\Threads.NET.Sdk.Extensions\Threads.NET.Sdk.Extensions.csproj", "{20F27E9C-82BE-4170-9845-6D64AD2D2894}"
EndProject
Global
	GlobalSection(SolutionConfigurationPlatforms) = preSolution
		Debug|Any CPU = Debug|Any CPU
		Release|Any CPU = Release|Any CPU
	EndGlobalSection
	GlobalSection(ProjectConfigurationPlatforms) = postSolution
		{EA4DCBF0-E4A6-4176-A416-897CA90F82A2}.Debug|Any CPU.ActiveCfg = Debug|Any CPU
		{EA4DCBF0-E4A6-4176-A416-897CA90F82A2}.Debug|Any CPU.Build.0 = Debug|Any CPU
		{EA4DCBF0-E4A6-4176-A416-897CA90F82A2}.Release|Any CPU.ActiveCfg = Release|Any CPU
		{EA4DCBF0-E4A6-4176-A416-897CA90F82A2}.Release|Any CPU.Build.0 = Release|Any CPU
		{20F27E9C-82BE-4170-9845-6D64AD2D2894}.Debug|Any CPU.ActiveCfg = Debug|Any CPU
		{20F27E9C-82BE-4170-9845-6D64AD2D2894}.Debug|Any CPU.Build.0 = Debug|Any CPU
		{20F27E9C-82BE-4170-9845-6D64AD2D2894}.Release|Any CPU.ActiveCfg = Release|Any CPU
		{20F27E9C-82BE-4170-9845-6D64AD2D2894}.Release|Any CPU.Build.0 = Release|Any CPU
	EndGlobalSection
	GlobalSection(SolutionProperties) = preSolution
		HideSolutionNode = FALSE
	EndGlobalSection
	GlobalSection(NestedProjects) = preSolution
		{EA4DCBF0-E4A6-4176-A416-897CA90F82A2} = {B15EF00C-302A-4BF5-9FBA-5C452544BE3A}
		{20F27E9C-82BE-4170-9845-6D64AD2D2894} = {B15EF00C-302A-4BF5-9FBA-5C452544BE3A}
	EndGlobalSection
	GlobalSection(ExtensibilityGlobals) = postSolution
		SolutionGuid = {76874847-A2F3-4F30-A4E1-2E402B057C88}
	EndGlobalSection
EndGlobal
