
Microsoft Visual Studio Solution File, Format Version 12.00
# Visual Studio Version 17
VisualStudioVersion = 17.11.35327.3
MinimumVisualStudioVersion = 10.0.40219.1
Project("{2150E333-8FDC-42A3-9474-1A3956D46DE8}") = "src", "src", "{B15EF00C-302A-4BF5-9FBA-5C452544BE3A}"
EndProject
Project("{2150E333-8FDC-42A3-9474-1A3956D46DE8}") = "test", "test", "{B26D0ED8-DA41-447E-ABAB-D3714F555AF4}"
EndProject
Project("{9A19103F-16F7-4668-BE54-9A1E7A4F7556}") = "Threads.NET.Sdk", "src\Threads.NET.Sdk\Threads.NET.Sdk.csproj", "{EA4DCBF0-E4A6-4176-A416-897CA90F82A2}"
EndProject
Project("{2150E333-8FDC-42A3-9474-1A3956D46DE8}") = "Solution Items", "Solution Items", "{6A36651F-9E4D-488D-A4CB-467179CB0781}"
	ProjectSection(SolutionItems) = preProject
		Directory.Build.props = Directory.Build.props
		Directory.Packages.props = Directory.Packages.props
		editorconfig = editorconfig
		LICENSE = LICENSE
		README.md = README.md
	EndProjectSection
EndProject
Project("{9A19103F-16F7-4668-BE54-9A1E7A4F7556}") = "Threads.NET.Sdk.Tests", "test\Threads.NET.Sdk.Tests\Threads.NET.Sdk.Tests.csproj", "{C4B7E91B-B70A-48D7-85BA-617D02C81CC6}"
EndProject
Project("{2150E333-8FDC-42A3-9474-1A3956D46DE8}") = "samples", "samples", "{D4AB218E-5461-4729-8C37-A0FAC6C44E40}"
EndProject
Project("{9A19103F-16F7-4668-BE54-9A1E7A4F7556}") = "Threads.Net.WebApp", "samples\Threads.Net.WebApp\Threads.Net.WebApp.csproj", "{7E7726D5-3E9C-447C-8DB2-C1F0505DAB99}"
EndProject
Global
	GlobalSection(SolutionConfigurationPlatforms) = preSolution
		Debug|Any CPU = Debug|Any CPU
		Release|Any CPU = Release|Any CPU
	EndGlobalSection
	GlobalSection(ProjectConfigurationPlatforms) = postSolution
		{EA4DCBF0-E4A6-4176-A416-897CA90F82A2}.Debug|Any CPU.ActiveCfg = Debug|Any CPU
		{EA4DCBF0-E4A6-4176-A416-897CA90F82A2}.Debug|Any CPU.Build.0 = Debug|Any CPU
		{EA4DCBF0-E4A6-4176-A416-897CA90F82A2}.Release|Any CPU.ActiveCfg = Release|Any CPU
		{EA4DCBF0-E4A6-4176-A416-897CA90F82A2}.Release|Any CPU.Build.0 = Release|Any CPU
		{C4B7E91B-B70A-48D7-85BA-617D02C81CC6}.Debug|Any CPU.ActiveCfg = Debug|Any CPU
		{C4B7E91B-B70A-48D7-85BA-617D02C81CC6}.Debug|Any CPU.Build.0 = Debug|Any CPU
		{C4B7E91B-B70A-48D7-85BA-617D02C81CC6}.Release|Any CPU.ActiveCfg = Release|Any CPU
		{C4B7E91B-B70A-48D7-85BA-617D02C81CC6}.Release|Any CPU.Build.0 = Release|Any CPU
		{7E7726D5-3E9C-447C-8DB2-C1F0505DAB99}.Debug|Any CPU.ActiveCfg = Debug|Any CPU
		{7E7726D5-3E9C-447C-8DB2-C1F0505DAB99}.Debug|Any CPU.Build.0 = Debug|Any CPU
		{7E7726D5-3E9C-447C-8DB2-C1F0505DAB99}.Release|Any CPU.ActiveCfg = Release|Any CPU
		{7E7726D5-3E9C-447C-8DB2-C1F0505DAB99}.Release|Any CPU.Build.0 = Release|Any CPU
	EndGlobalSection
	GlobalSection(SolutionProperties) = preSolution
		HideSolutionNode = FALSE
	EndGlobalSection
	GlobalSection(NestedProjects) = preSolution
		{EA4DCBF0-E4A6-4176-A416-897CA90F82A2} = {B15EF00C-302A-4BF5-9FBA-5C452544BE3A}
		{C4B7E91B-B70A-48D7-85BA-617D02C81CC6} = {B26D0ED8-DA41-447E-ABAB-D3714F555AF4}
		{7E7726D5-3E9C-447C-8DB2-C1F0505DAB99} = {D4AB218E-5461-4729-8C37-A0FAC6C44E40}
	EndGlobalSection
	GlobalSection(ExtensibilityGlobals) = postSolution
		SolutionGuid = {76874847-A2F3-4F30-A4E1-2E402B057C88}
	EndGlobalSection
EndGlobal
